
Microsoft Visual Studio Solution File, Format Version 12.00
# Visual Studio Version 17
VisualStudioVersion = 17.2.32526.322
MinimumVisualStudioVersion = 10.0.40219.1
Project("{FAE04EC0-301F-11D3-BF4B-00C04F79EFBC}") = "AnalogClock", "AnalogClock\AnalogClock.csproj", "{A78AD105-A911-4148-AC71-F13828F1F523}"
EndProject
Global
	GlobalSection(SolutionConfigurationPlatforms) = preSolution
		Debug|Any CPU = Debug|Any CPU
		Release|Any CPU = Release|Any CPU
	EndGlobalSection
	GlobalSection(ProjectConfigurationPlatforms) = postSolution
		{A78AD105-A911-4148-AC71-F13828F1F523}.Debug|Any CPU.ActiveCfg = Debug|Any CPU
		{A78AD105-A911-4148-AC71-F13828F1F523}.Debug|Any CPU.Build.0 = Debug|Any CPU
		{A78AD105-A911-4148-AC71-F13828F1F523}.Release|Any CPU.ActiveCfg = Release|Any CPU
		{A78AD105-A911-4148-AC71-F13828F1F523}.Release|Any CPU.Build.0 = Release|Any CPU
	EndGlobalSection
	GlobalSection(SolutionProperties) = preSolution
		HideSolutionNode = FALSE
	EndGlobalSection
	GlobalSection(ExtensibilityGlobals) = postSolution
		SolutionGuid = {0DC11ED1-9D17-4D56-A7D1-0601DE0AD9A7}
	EndGlobalSection
EndGlobal
