
Microsoft Visual Studio Solution File, Format Version 12.00
# Visual Studio Version 17
VisualStudioVersion = 17.2.32526.322
MinimumVisualStudioVersion = 10.0.40219.1
Project("{FAE04EC0-301F-11D3-BF4B-00C04F79EFBC}") = "CalculatingTheAngle", "CalculatingTheAngle\CalculatingTheAngle.csproj", "{91320C0C-8748-4674-9B09-715E62637261}"
EndProject
Global
	GlobalSection(SolutionConfigurationPlatforms) = preSolution
		Debug|Any CPU = Debug|Any CPU
		Release|Any CPU = Release|Any CPU
	EndGlobalSection
	GlobalSection(ProjectConfigurationPlatforms) = postSolution
		{91320C0C-8748-4674-9B09-715E62637261}.Debug|Any CPU.ActiveCfg = Debug|Any CPU
		{91320C0C-8748-4674-9B09-715E62637261}.Debug|Any CPU.Build.0 = Debug|Any CPU
		{91320C0C-8748-4674-9B09-715E62637261}.Release|Any CPU.ActiveCfg = Release|Any CPU
		{91320C0C-8748-4674-9B09-715E62637261}.Release|Any CPU.Build.0 = Release|Any CPU
	EndGlobalSection
	GlobalSection(SolutionProperties) = preSolution
		HideSolutionNode = FALSE
	EndGlobalSection
	GlobalSection(ExtensibilityGlobals) = postSolution
		SolutionGuid = {CD95F50E-B310-405B-ACF1-968DD3331AF8}
	EndGlobalSection
EndGlobal
